// !$*UTF8*$!
{
	archiveVersion = 1;
	classes = {
	};
	objectVersion = 56;
	objects = {

/* Begin PBXBuildFile section */
		2F0AF0CE2A30F1DC00545435 /* iosAppApp.swift in Sources */ = {isa = PBXBuildFile; fileRef = 2F0AF0CD2A30F1DC00545435 /* iosAppApp.swift */; };
		2F0AF0D02A30F1DC00545435 /* MainView.swift in Sources */ = {isa = PBXBuildFile; fileRef = 2F0AF0CF2A30F1DC00545435 /* MainView.swift */; };
		2F0AF0D22A30F1DE00545435 /* Assets.xcassets in Resources */ = {isa = PBXBuildFile; fileRef = 2F0AF0D12A30F1DE00545435 /* Assets.xcassets */; };
		2F0AF0D52A30F1DE00545435 /* Preview Assets.xcassets in Resources */ = {isa = PBXBuildFile; fileRef = 2F0AF0D42A30F1DE00545435 /* Preview Assets.xcassets */; };
		2F0AF0DF2A30F1DE00545435 /* iosAppTests.swift in Sources */ = {isa = PBXBuildFile; fileRef = 2F0AF0DE2A30F1DE00545435 /* iosAppTests.swift */; };
		2F0AF0E92A30F1DE00545435 /* iosAppUITests.swift in Sources */ = {isa = PBXBuildFile; fileRef = 2F0AF0E82A30F1DE00545435 /* iosAppUITests.swift */; };
		2F0AF0EB2A30F1DE00545435 /* iosAppUITestsLaunchTests.swift in Sources */ = {isa = PBXBuildFile; fileRef = 2F0AF0EA2A30F1DE00545435 /* iosAppUITestsLaunchTests.swift */; };
		2F3AD09A2A31534C009E9603 /* SideMenuView.swift in Sources */ = {isa = PBXBuildFile; fileRef = 2F3AD0992A31534C009E9603 /* SideMenuView.swift */; };
		2F3AD09C2A31553F009E9603 /* HomeView.swift in Sources */ = {isa = PBXBuildFile; fileRef = 2F3AD09B2A31553F009E9603 /* HomeView.swift */; };
		2F3C58EF2A33B9DA008DA704 /* FavoritesView.swift in Sources */ = {isa = PBXBuildFile; fileRef = 2F3C58EE2A33B9DA008DA704 /* FavoritesView.swift */; };
		2F3C58F12A33BC49008DA704 /* RestrictionsView.swift in Sources */ = {isa = PBXBuildFile; fileRef = 2F3C58F02A33BC49008DA704 /* RestrictionsView.swift */; };
		2FDDDB2C2A35374600972518 /* Sticky.swift in Sources */ = {isa = PBXBuildFile; fileRef = 2FDDDB2B2A35374600972518 /* Sticky.swift */; };
		2FDDDB2E2A35675D00972518 /* LoadingView.swift in Sources */ = {isa = PBXBuildFile; fileRef = 2FDDDB2D2A35675D00972518 /* LoadingView.swift */; };
		2FDDDB302A3613D800972518 /* User.swift in Sources */ = {isa = PBXBuildFile; fileRef = 2FDDDB2F2A3613D800972518 /* User.swift */; };
		2FDDDB322A36156200972518 /* ItemsView.swift in Sources */ = {isa = PBXBuildFile; fileRef = 2FDDDB312A36156200972518 /* ItemsView.swift */; };
/* End PBXBuildFile section */

/* Begin PBXContainerItemProxy section */
		2F0AF0DB2A30F1DE00545435 /* PBXContainerItemProxy */ = {
			isa = PBXContainerItemProxy;
			containerPortal = 2F0AF0C22A30F1DC00545435 /* Project object */;
			proxyType = 1;
			remoteGlobalIDString = 2F0AF0C92A30F1DC00545435;
			remoteInfo = iosApp;
		};
		2F0AF0E52A30F1DE00545435 /* PBXContainerItemProxy */ = {
			isa = PBXContainerItemProxy;
			containerPortal = 2F0AF0C22A30F1DC00545435 /* Project object */;
			proxyType = 1;
			remoteGlobalIDString = 2F0AF0C92A30F1DC00545435;
			remoteInfo = iosApp;
		};
/* End PBXContainerItemProxy section */

/* Begin PBXFileReference section */
		2F0AF0CA2A30F1DC00545435 /* iosApp.app */ = {isa = PBXFileReference; explicitFileType = wrapper.application; includeInIndex = 0; path = iosApp.app; sourceTree = BUILT_PRODUCTS_DIR; };
		2F0AF0CD2A30F1DC00545435 /* iosAppApp.swift */ = {isa = PBXFileReference; lastKnownFileType = sourcecode.swift; path = iosAppApp.swift; sourceTree = "<group>"; };
		2F0AF0CF2A30F1DC00545435 /* MainView.swift */ = {isa = PBXFileReference; lastKnownFileType = sourcecode.swift; path = MainView.swift; sourceTree = "<group>"; };
		2F0AF0D12A30F1DE00545435 /* Assets.xcassets */ = {isa = PBXFileReference; lastKnownFileType = folder.assetcatalog; path = Assets.xcassets; sourceTree = "<group>"; };
		2F0AF0D42A30F1DE00545435 /* Preview Assets.xcassets */ = {isa = PBXFileReference; lastKnownFileType = folder.assetcatalog; path = "Preview Assets.xcassets"; sourceTree = "<group>"; };
		2F0AF0DA2A30F1DE00545435 /* iosAppTests.xctest */ = {isa = PBXFileReference; explicitFileType = wrapper.cfbundle; includeInIndex = 0; path = iosAppTests.xctest; sourceTree = BUILT_PRODUCTS_DIR; };
		2F0AF0DE2A30F1DE00545435 /* iosAppTests.swift */ = {isa = PBXFileReference; lastKnownFileType = sourcecode.swift; path = iosAppTests.swift; sourceTree = "<group>"; };
		2F0AF0E42A30F1DE00545435 /* iosAppUITests.xctest */ = {isa = PBXFileReference; explicitFileType = wrapper.cfbundle; includeInIndex = 0; path = iosAppUITests.xctest; sourceTree = BUILT_PRODUCTS_DIR; };
		2F0AF0E82A30F1DE00545435 /* iosAppUITests.swift */ = {isa = PBXFileReference; lastKnownFileType = sourcecode.swift; path = iosAppUITests.swift; sourceTree = "<group>"; };
		2F0AF0EA2A30F1DE00545435 /* iosAppUITestsLaunchTests.swift */ = {isa = PBXFileReference; lastKnownFileType = sourcecode.swift; path = iosAppUITestsLaunchTests.swift; sourceTree = "<group>"; };
		2F3AD0992A31534C009E9603 /* SideMenuView.swift */ = {isa = PBXFileReference; lastKnownFileType = sourcecode.swift; path = SideMenuView.swift; sourceTree = "<group>"; };
		2F3AD09B2A31553F009E9603 /* HomeView.swift */ = {isa = PBXFileReference; lastKnownFileType = sourcecode.swift; path = HomeView.swift; sourceTree = "<group>"; tabWidth = 4; };
		2F3C58EE2A33B9DA008DA704 /* FavoritesView.swift */ = {isa = PBXFileReference; lastKnownFileType = sourcecode.swift; path = FavoritesView.swift; sourceTree = "<group>"; };
		2F3C58F02A33BC49008DA704 /* RestrictionsView.swift */ = {isa = PBXFileReference; lastKnownFileType = sourcecode.swift; path = RestrictionsView.swift; sourceTree = "<group>"; };
		2FDDDB2B2A35374600972518 /* Sticky.swift */ = {isa = PBXFileReference; lastKnownFileType = sourcecode.swift; path = Sticky.swift; sourceTree = "<group>"; };
		2FDDDB2D2A35675D00972518 /* LoadingView.swift */ = {isa = PBXFileReference; lastKnownFileType = sourcecode.swift; path = LoadingView.swift; sourceTree = "<group>"; };
		2FDDDB2F2A3613D800972518 /* User.swift */ = {isa = PBXFileReference; lastKnownFileType = sourcecode.swift; path = User.swift; sourceTree = "<group>"; };
		2FDDDB312A36156200972518 /* ItemsView.swift */ = {isa = PBXFileReference; lastKnownFileType = sourcecode.swift; path = ItemsView.swift; sourceTree = "<group>"; };
/* End PBXFileReference section */

/* Begin PBXFrameworksBuildPhase section */
		2F0AF0C72A30F1DC00545435 /* Frameworks */ = {
			isa = PBXFrameworksBuildPhase;
			buildActionMask = 2147483647;
			files = (
			);
			runOnlyForDeploymentPostprocessing = 0;
		};
		2F0AF0D72A30F1DE00545435 /* Frameworks */ = {
			isa = PBXFrameworksBuildPhase;
			buildActionMask = 2147483647;
			files = (
			);
			runOnlyForDeploymentPostprocessing = 0;
		};
		2F0AF0E12A30F1DE00545435 /* Frameworks */ = {
			isa = PBXFrameworksBuildPhase;
			buildActionMask = 2147483647;
			files = (
			);
			runOnlyForDeploymentPostprocessing = 0;
		};
/* End PBXFrameworksBuildPhase section */

/* Begin PBXGroup section */
		2F0AF0C12A30F1DC00545435 = {
			isa = PBXGroup;
			children = (
				2F0AF0CC2A30F1DC00545435 /* iosApp */,
				2F0AF0DD2A30F1DE00545435 /* iosAppTests */,
				2F0AF0E72A30F1DE00545435 /* iosAppUITests */,
				2F0AF0CB2A30F1DC00545435 /* Products */,
			);
			sourceTree = "<group>";
		};
		2F0AF0CB2A30F1DC00545435 /* Products */ = {
			isa = PBXGroup;
			children = (
				2F0AF0CA2A30F1DC00545435 /* iosApp.app */,
				2F0AF0DA2A30F1DE00545435 /* iosAppTests.xctest */,
				2F0AF0E42A30F1DE00545435 /* iosAppUITests.xctest */,
			);
			name = Products;
			sourceTree = "<group>";
		};
		2F0AF0CC2A30F1DC00545435 /* iosApp */ = {
			isa = PBXGroup;
			children = (
				2F0AF0CD2A30F1DC00545435 /* iosAppApp.swift */,
				2FDDDB2F2A3613D800972518 /* User.swift */,
				2F0AF0CF2A30F1DC00545435 /* MainView.swift */,
				2FDDDB2D2A35675D00972518 /* LoadingView.swift */,
				2FDDDB312A36156200972518 /* ItemsView.swift */,
				2F3C58EE2A33B9DA008DA704 /* FavoritesView.swift */,
				2F3C58F02A33BC49008DA704 /* RestrictionsView.swift */,
				2F3AD0992A31534C009E9603 /* SideMenuView.swift */,
				2FDDDB2B2A35374600972518 /* Sticky.swift */,
				2F3AD09B2A31553F009E9603 /* HomeView.swift */,
				2F0AF0D12A30F1DE00545435 /* Assets.xcassets */,
				2F0AF0D32A30F1DE00545435 /* Preview Content */,
			);
			path = iosApp;
			sourceTree = "<group>";
		};
		2F0AF0D32A30F1DE00545435 /* Preview Content */ = {
			isa = PBXGroup;
			children = (
				2F0AF0D42A30F1DE00545435 /* Preview Assets.xcassets */,
			);
			path = "Preview Content";
			sourceTree = "<group>";
		};
		2F0AF0DD2A30F1DE00545435 /* iosAppTests */ = {
			isa = PBXGroup;
			children = (
				2F0AF0DE2A30F1DE00545435 /* iosAppTests.swift */,
			);
			path = iosAppTests;
			sourceTree = "<group>";
		};
		2F0AF0E72A30F1DE00545435 /* iosAppUITests */ = {
			isa = PBXGroup;
			children = (
				2F0AF0E82A30F1DE00545435 /* iosAppUITests.swift */,
				2F0AF0EA2A30F1DE00545435 /* iosAppUITestsLaunchTests.swift */,
			);
			path = iosAppUITests;
			sourceTree = "<group>";
		};
/* End PBXGroup section */

/* Begin PBXNativeTarget section */
		2F0AF0C92A30F1DC00545435 /* iosApp */ = {
			isa = PBXNativeTarget;
			buildConfigurationList = 2F0AF0EE2A30F1DE00545435 /* Build configuration list for PBXNativeTarget "iosApp" */;
			buildPhases = (
				2F3AD0982A310A97009E9603 /* ShellScript */,
				2F0AF0C62A30F1DC00545435 /* Sources */,
				2F0AF0C72A30F1DC00545435 /* Frameworks */,
				2F0AF0C82A30F1DC00545435 /* Resources */,
			);
			buildRules = (
			);
			dependencies = (
			);
			name = iosApp;
			productName = iosApp;
			productReference = 2F0AF0CA2A30F1DC00545435 /* iosApp.app */;
			productType = "com.apple.product-type.application";
		};
		2F0AF0D92A30F1DE00545435 /* iosAppTests */ = {
			isa = PBXNativeTarget;
			buildConfigurationList = 2F0AF0F12A30F1DE00545435 /* Build configuration list for PBXNativeTarget "iosAppTests" */;
			buildPhases = (
				AC486065CC55ADB2D0149554 /* [CP] Check Pods Manifest.lock */,
				2F0AF0D62A30F1DE00545435 /* Sources */,
				2F0AF0D72A30F1DE00545435 /* Frameworks */,
				2F0AF0D82A30F1DE00545435 /* Resources */,
			);
			buildRules = (
			);
			dependencies = (
				2F0AF0DC2A30F1DE00545435 /* PBXTargetDependency */,
			);
			name = iosAppTests;
			productName = iosAppTests;
			productReference = 2F0AF0DA2A30F1DE00545435 /* iosAppTests.xctest */;
			productType = "com.apple.product-type.bundle.unit-test";
		};
		2F0AF0E32A30F1DE00545435 /* iosAppUITests */ = {
			isa = PBXNativeTarget;
			buildConfigurationList = 2F0AF0F42A30F1DE00545435 /* Build configuration list for PBXNativeTarget "iosAppUITests" */;
			buildPhases = (
				A8FFEBA6927D9AF1AABAE599 /* [CP] Check Pods Manifest.lock */,
				2F0AF0E02A30F1DE00545435 /* Sources */,
				2F0AF0E12A30F1DE00545435 /* Frameworks */,
				2F0AF0E22A30F1DE00545435 /* Resources */,
				C6637F2F5CBF44DE02D58A5B /* [CP] Embed Pods Frameworks */,
			);
			buildRules = (
			);
			dependencies = (
				2F0AF0E62A30F1DE00545435 /* PBXTargetDependency */,
			);
			name = iosAppUITests;
			productName = iosAppUITests;
			productReference = 2F0AF0E42A30F1DE00545435 /* iosAppUITests.xctest */;
			productType = "com.apple.product-type.bundle.ui-testing";
		};
/* End PBXNativeTarget section */

/* Begin PBXProject section */
		2F0AF0C22A30F1DC00545435 /* Project object */ = {
			isa = PBXProject;
			attributes = {
				BuildIndependentTargetsInParallel = 1;
				LastSwiftUpdateCheck = 1430;
				LastUpgradeCheck = 1430;
				TargetAttributes = {
					2F0AF0C92A30F1DC00545435 = {
						CreatedOnToolsVersion = 14.3;
					};
					2F0AF0D92A30F1DE00545435 = {
						CreatedOnToolsVersion = 14.3;
						TestTargetID = 2F0AF0C92A30F1DC00545435;
					};
					2F0AF0E32A30F1DE00545435 = {
						CreatedOnToolsVersion = 14.3;
						TestTargetID = 2F0AF0C92A30F1DC00545435;
					};
				};
			};
			buildConfigurationList = 2F0AF0C52A30F1DC00545435 /* Build configuration list for PBXProject "iosApp" */;
			compatibilityVersion = "Xcode 14.0";
			developmentRegion = en;
			hasScannedForEncodings = 0;
			knownRegions = (
				en,
				Base,
			);
			mainGroup = 2F0AF0C12A30F1DC00545435;
			productRefGroup = 2F0AF0CB2A30F1DC00545435 /* Products */;
			projectDirPath = "";
			projectRoot = "";
			targets = (
				2F0AF0C92A30F1DC00545435 /* iosApp */,
				2F0AF0D92A30F1DE00545435 /* iosAppTests */,
				2F0AF0E32A30F1DE00545435 /* iosAppUITests */,
			);
		};
/* End PBXProject section */

/* Begin PBXResourcesBuildPhase section */
		2F0AF0C82A30F1DC00545435 /* Resources */ = {
			isa = PBXResourcesBuildPhase;
			buildActionMask = 2147483647;
			files = (
				2F0AF0D52A30F1DE00545435 /* Preview Assets.xcassets in Resources */,
				2F0AF0D22A30F1DE00545435 /* Assets.xcassets in Resources */,
			);
			runOnlyForDeploymentPostprocessing = 0;
		};
		2F0AF0D82A30F1DE00545435 /* Resources */ = {
			isa = PBXResourcesBuildPhase;
			buildActionMask = 2147483647;
			files = (
			);
			runOnlyForDeploymentPostprocessing = 0;
		};
		2F0AF0E22A30F1DE00545435 /* Resources */ = {
			isa = PBXResourcesBuildPhase;
			buildActionMask = 2147483647;
			files = (
			);
			runOnlyForDeploymentPostprocessing = 0;
		};
/* End PBXResourcesBuildPhase section */

/* Begin PBXShellScriptBuildPhase section */
		2F3AD0982A310A97009E9603 /* ShellScript */ = {
			isa = PBXShellScriptBuildPhase;
			buildActionMask = 2147483647;
			files = (
			);
			inputFileListPaths = (
			);
			inputPaths = (
			);
			outputFileListPaths = (
			);
			outputPaths = (
			);
			runOnlyForDeploymentPostprocessing = 0;
			shellPath = /bin/sh;
			shellScript = "cd \"$SRCROOT/..\"\n./gradlew :shared:embedAndSignAppleFrameworkForXcode\n";
		};
		A8FFEBA6927D9AF1AABAE599 /* [CP] Check Pods Manifest.lock */ = {
			isa = PBXShellScriptBuildPhase;
			buildActionMask = 2147483647;
			files = (
			);
			inputFileListPaths = (
			);
			inputPaths = (
				"${PODS_PODFILE_DIR_PATH}/Podfile.lock",
				"${PODS_ROOT}/Manifest.lock",
			);
			name = "[CP] Check Pods Manifest.lock";
			outputFileListPaths = (
			);
			outputPaths = (
				"$(DERIVED_FILE_DIR)/Pods-iosApp-iosAppUITests-checkManifestLockResult.txt",
			);
			runOnlyForDeploymentPostprocessing = 0;
			shellPath = /bin/sh;
			shellScript = "diff \"${PODS_PODFILE_DIR_PATH}/Podfile.lock\" \"${PODS_ROOT}/Manifest.lock\" > /dev/null\nif [ $? != 0 ] ; then\n    # print error to STDERR\n    echo \"error: The sandbox is not in sync with the Podfile.lock. Run 'pod install' or update your CocoaPods installation.\" >&2\n    exit 1\nfi\n# This output is used by Xcode 'outputs' to avoid re-running this script phase.\necho \"SUCCESS\" > \"${SCRIPT_OUTPUT_FILE_0}\"\n";
			showEnvVarsInLog = 0;
		};
		AC486065CC55ADB2D0149554 /* [CP] Check Pods Manifest.lock */ = {
			isa = PBXShellScriptBuildPhase;
			buildActionMask = 2147483647;
			files = (
			);
			inputFileListPaths = (
			);
			inputPaths = (
				"${PODS_PODFILE_DIR_PATH}/Podfile.lock",
				"${PODS_ROOT}/Manifest.lock",
			);
			name = "[CP] Check Pods Manifest.lock";
			outputFileListPaths = (
			);
			outputPaths = (
				"$(DERIVED_FILE_DIR)/Pods-iosAppTests-checkManifestLockResult.txt",
			);
			runOnlyForDeploymentPostprocessing = 0;
			shellPath = /bin/sh;
			shellScript = "diff \"${PODS_PODFILE_DIR_PATH}/Podfile.lock\" \"${PODS_ROOT}/Manifest.lock\" > /dev/null\nif [ $? != 0 ] ; then\n    # print error to STDERR\n    echo \"error: The sandbox is not in sync with the Podfile.lock. Run 'pod install' or update your CocoaPods installation.\" >&2\n    exit 1\nfi\n# This output is used by Xcode 'outputs' to avoid re-running this script phase.\necho \"SUCCESS\" > \"${SCRIPT_OUTPUT_FILE_0}\"\n";
			showEnvVarsInLog = 0;
		};
		C6637F2F5CBF44DE02D58A5B /* [CP] Embed Pods Frameworks */ = {
			isa = PBXShellScriptBuildPhase;
			buildActionMask = 2147483647;
			files = (
			);
			inputFileListPaths = (
				"${PODS_ROOT}/Target Support Files/Pods-iosApp-iosAppUITests/Pods-iosApp-iosAppUITests-frameworks-${CONFIGURATION}-input-files.xcfilelist",
			);
			name = "[CP] Embed Pods Frameworks";
			outputFileListPaths = (
				"${PODS_ROOT}/Target Support Files/Pods-iosApp-iosAppUITests/Pods-iosApp-iosAppUITests-frameworks-${CONFIGURATION}-output-files.xcfilelist",
			);
			runOnlyForDeploymentPostprocessing = 0;
			shellPath = /bin/sh;
			shellScript = "\"${PODS_ROOT}/Target Support Files/Pods-iosApp-iosAppUITests/Pods-iosApp-iosAppUITests-frameworks.sh\"\n";
			showEnvVarsInLog = 0;
		};
/* End PBXShellScriptBuildPhase section */

/* Begin PBXSourcesBuildPhase section */
		2F0AF0C62A30F1DC00545435 /* Sources */ = {
			isa = PBXSourcesBuildPhase;
			buildActionMask = 2147483647;
			files = (
				2F3C58EF2A33B9DA008DA704 /* FavoritesView.swift in Sources */,
				2F3AD09A2A31534C009E9603 /* SideMenuView.swift in Sources */,
				2FDDDB2C2A35374600972518 /* Sticky.swift in Sources */,
				2F3AD09C2A31553F009E9603 /* HomeView.swift in Sources */,
				2F3C58F12A33BC49008DA704 /* RestrictionsView.swift in Sources */,
				2FDDDB302A3613D800972518 /* User.swift in Sources */,
				2FDDDB2E2A35675D00972518 /* LoadingView.swift in Sources */,
				2FDDDB322A36156200972518 /* ItemsView.swift in Sources */,
				2F0AF0D02A30F1DC00545435 /* MainView.swift in Sources */,
				2F0AF0CE2A30F1DC00545435 /* iosAppApp.swift in Sources */,
			);
			runOnlyForDeploymentPostprocessing = 0;
		};
		2F0AF0D62A30F1DE00545435 /* Sources */ = {
			isa = PBXSourcesBuildPhase;
			buildActionMask = 2147483647;
			files = (
				2F0AF0DF2A30F1DE00545435 /* iosAppTests.swift in Sources */,
			);
			runOnlyForDeploymentPostprocessing = 0;
		};
		2F0AF0E02A30F1DE00545435 /* Sources */ = {
			isa = PBXSourcesBuildPhase;
			buildActionMask = 2147483647;
			files = (
				2F0AF0EB2A30F1DE00545435 /* iosAppUITestsLaunchTests.swift in Sources */,
				2F0AF0E92A30F1DE00545435 /* iosAppUITests.swift in Sources */,
			);
			runOnlyForDeploymentPostprocessing = 0;
		};
/* End PBXSourcesBuildPhase section */

/* Begin PBXTargetDependency section */
		2F0AF0DC2A30F1DE00545435 /* PBXTargetDependency */ = {
			isa = PBXTargetDependency;
			target = 2F0AF0C92A30F1DC00545435 /* iosApp */;
			targetProxy = 2F0AF0DB2A30F1DE00545435 /* PBXContainerItemProxy */;
		};
		2F0AF0E62A30F1DE00545435 /* PBXTargetDependency */ = {
			isa = PBXTargetDependency;
			target = 2F0AF0C92A30F1DC00545435 /* iosApp */;
			targetProxy = 2F0AF0E52A30F1DE00545435 /* PBXContainerItemProxy */;
		};
/* End PBXTargetDependency section */

/* Begin XCBuildConfiguration section */
		2F0AF0EC2A30F1DE00545435 /* Debug */ = {
			isa = XCBuildConfiguration;
			buildSettings = {
				ALWAYS_SEARCH_USER_PATHS = NO;
				CLANG_ANALYZER_NONNULL = YES;
				CLANG_ANALYZER_NUMBER_OBJECT_CONVERSION = YES_AGGRESSIVE;
				CLANG_CXX_LANGUAGE_STANDARD = "gnu++20";
				CLANG_ENABLE_MODULES = YES;
				CLANG_ENABLE_OBJC_ARC = YES;
				CLANG_ENABLE_OBJC_WEAK = YES;
				CLANG_WARN_BLOCK_CAPTURE_AUTORELEASING = YES;
				CLANG_WARN_BOOL_CONVERSION = YES;
				CLANG_WARN_COMMA = YES;
				CLANG_WARN_CONSTANT_CONVERSION = YES;
				CLANG_WARN_DEPRECATED_OBJC_IMPLEMENTATIONS = YES;
				CLANG_WARN_DIRECT_OBJC_ISA_USAGE = YES_ERROR;
				CLANG_WARN_DOCUMENTATION_COMMENTS = YES;
				CLANG_WARN_EMPTY_BODY = YES;
				CLANG_WARN_ENUM_CONVERSION = YES;
				CLANG_WARN_INFINITE_RECURSION = YES;
				CLANG_WARN_INT_CONVERSION = YES;
				CLANG_WARN_NON_LITERAL_NULL_CONVERSION = YES;
				CLANG_WARN_OBJC_IMPLICIT_RETAIN_SELF = YES;
				CLANG_WARN_OBJC_LITERAL_CONVERSION = YES;
				CLANG_WARN_OBJC_ROOT_CLASS = YES_ERROR;
				CLANG_WARN_QUOTED_INCLUDE_IN_FRAMEWORK_HEADER = YES;
				CLANG_WARN_RANGE_LOOP_ANALYSIS = YES;
				CLANG_WARN_STRICT_PROTOTYPES = YES;
				CLANG_WARN_SUSPICIOUS_MOVE = YES;
				CLANG_WARN_UNGUARDED_AVAILABILITY = YES_AGGRESSIVE;
				CLANG_WARN_UNREACHABLE_CODE = YES;
				CLANG_WARN__DUPLICATE_METHOD_MATCH = YES;
				COPY_PHASE_STRIP = NO;
				DEBUG_INFORMATION_FORMAT = dwarf;
				ENABLE_STRICT_OBJC_MSGSEND = YES;
				ENABLE_TESTABILITY = YES;
				GCC_C_LANGUAGE_STANDARD = gnu11;
				GCC_DYNAMIC_NO_PIC = NO;
				GCC_NO_COMMON_BLOCKS = YES;
				GCC_OPTIMIZATION_LEVEL = 0;
				GCC_PREPROCESSOR_DEFINITIONS = (
					"DEBUG=1",
					"$(inherited)",
				);
				GCC_WARN_64_TO_32_BIT_CONVERSION = YES;
				GCC_WARN_ABOUT_RETURN_TYPE = YES_ERROR;
				GCC_WARN_UNDECLARED_SELECTOR = YES;
				GCC_WARN_UNINITIALIZED_AUTOS = YES_AGGRESSIVE;
				GCC_WARN_UNUSED_FUNCTION = YES;
				GCC_WARN_UNUSED_VARIABLE = YES;
				IPHONEOS_DEPLOYMENT_TARGET = 16.4;
				MTL_ENABLE_DEBUG_INFO = INCLUDE_SOURCE;
				MTL_FAST_MATH = YES;
				ONLY_ACTIVE_ARCH = YES;
				SDKROOT = iphoneos;
				SWIFT_ACTIVE_COMPILATION_CONDITIONS = DEBUG;
				SWIFT_OPTIMIZATION_LEVEL = "-Onone";
			};
			name = Debug;
		};
		2F0AF0ED2A30F1DE00545435 /* Release */ = {
			isa = XCBuildConfiguration;
			buildSettings = {
				ALWAYS_SEARCH_USER_PATHS = NO;
				CLANG_ANALYZER_NONNULL = YES;
				CLANG_ANALYZER_NUMBER_OBJECT_CONVERSION = YES_AGGRESSIVE;
				CLANG_CXX_LANGUAGE_STANDARD = "gnu++20";
				CLANG_ENABLE_MODULES = YES;
				CLANG_ENABLE_OBJC_ARC = YES;
				CLANG_ENABLE_OBJC_WEAK = YES;
				CLANG_WARN_BLOCK_CAPTURE_AUTORELEASING = YES;
				CLANG_WARN_BOOL_CONVERSION = YES;
				CLANG_WARN_COMMA = YES;
				CLANG_WARN_CONSTANT_CONVERSION = YES;
				CLANG_WARN_DEPRECATED_OBJC_IMPLEMENTATIONS = YES;
				CLANG_WARN_DIRECT_OBJC_ISA_USAGE = YES_ERROR;
				CLANG_WARN_DOCUMENTATION_COMMENTS = YES;
				CLANG_WARN_EMPTY_BODY = YES;
				CLANG_WARN_ENUM_CONVERSION = YES;
				CLANG_WARN_INFINITE_RECURSION = YES;
				CLANG_WARN_INT_CONVERSION = YES;
				CLANG_WARN_NON_LITERAL_NULL_CONVERSION = YES;
				CLANG_WARN_OBJC_IMPLICIT_RETAIN_SELF = YES;
				CLANG_WARN_OBJC_LITERAL_CONVERSION = YES;
				CLANG_WARN_OBJC_ROOT_CLASS = YES_ERROR;
				CLANG_WARN_QUOTED_INCLUDE_IN_FRAMEWORK_HEADER = YES;
				CLANG_WARN_RANGE_LOOP_ANALYSIS = YES;
				CLANG_WARN_STRICT_PROTOTYPES = YES;
				CLANG_WARN_SUSPICIOUS_MOVE = YES;
				CLANG_WARN_UNGUARDED_AVAILABILITY = YES_AGGRESSIVE;
				CLANG_WARN_UNREACHABLE_CODE = YES;
				CLANG_WARN__DUPLICATE_METHOD_MATCH = YES;
				COPY_PHASE_STRIP = NO;
				DEBUG_INFORMATION_FORMAT = "dwarf-with-dsym";
				ENABLE_NS_ASSERTIONS = NO;
				ENABLE_STRICT_OBJC_MSGSEND = YES;
				GCC_C_LANGUAGE_STANDARD = gnu11;
				GCC_NO_COMMON_BLOCKS = YES;
				GCC_WARN_64_TO_32_BIT_CONVERSION = YES;
				GCC_WARN_ABOUT_RETURN_TYPE = YES_ERROR;
				GCC_WARN_UNDECLARED_SELECTOR = YES;
				GCC_WARN_UNINITIALIZED_AUTOS = YES_AGGRESSIVE;
				GCC_WARN_UNUSED_FUNCTION = YES;
				GCC_WARN_UNUSED_VARIABLE = YES;
				IPHONEOS_DEPLOYMENT_TARGET = 16.4;
				MTL_ENABLE_DEBUG_INFO = NO;
				MTL_FAST_MATH = YES;
				SDKROOT = iphoneos;
				SWIFT_COMPILATION_MODE = wholemodule;
				SWIFT_OPTIMIZATION_LEVEL = "-O";
				VALIDATE_PRODUCT = YES;
			};
			name = Release;
		};
		2F0AF0EF2A30F1DE00545435 /* Debug */ = {
			isa = XCBuildConfiguration;
			buildSettings = {
				ASSETCATALOG_COMPILER_APPICON_NAME = AppIcon;
				ASSETCATALOG_COMPILER_GLOBAL_ACCENT_COLOR_NAME = AccentColor;
				CODE_SIGN_STYLE = Automatic;
				CURRENT_PROJECT_VERSION = 1;
				DEVELOPMENT_ASSET_PATHS = "\"iosApp/Preview Content\"";
				ENABLE_PREVIEWS = YES;
				FRAMEWORK_SEARCH_PATHS = "$(SRCROOT)/../shared/build/xcode-frameworks/$(CONFIGURATION)/$(SDK_NAME)";
				GENERATE_INFOPLIST_FILE = YES;
				INFOPLIST_KEY_UIApplicationSceneManifest_Generation = YES;
				INFOPLIST_KEY_UIApplicationSupportsIndirectInputEvents = YES;
				INFOPLIST_KEY_UILaunchScreen_Generation = YES;
				INFOPLIST_KEY_UISupportedInterfaceOrientations_iPad = "UIInterfaceOrientationPortrait UIInterfaceOrientationPortraitUpsideDown UIInterfaceOrientationLandscapeLeft UIInterfaceOrientationLandscapeRight";
				INFOPLIST_KEY_UISupportedInterfaceOrientations_iPhone = "UIInterfaceOrientationPortrait UIInterfaceOrientationLandscapeLeft UIInterfaceOrientationLandscapeRight";
				LD_RUNPATH_SEARCH_PATHS = (
					"$(inherited)",
					"@executable_path/Frameworks",
				);
				MARKETING_VERSION = 1.0;
				OTHER_LDFLAGS = (
					"$(inherited)",
					"-framework",
					shared,
				);
				PRODUCT_BUNDLE_IDENTIFIER = test.iosApp;
				PRODUCT_NAME = "$(TARGET_NAME)";
				SWIFT_EMIT_LOC_STRINGS = YES;
				SWIFT_VERSION = 5.0;
				TARGETED_DEVICE_FAMILY = "1,2";
			};
			name = Debug;
		};
		2F0AF0F02A30F1DE00545435 /* Release */ = {
			isa = XCBuildConfiguration;
			buildSettings = {
				ASSETCATALOG_COMPILER_APPICON_NAME = AppIcon;
				ASSETCATALOG_COMPILER_GLOBAL_ACCENT_COLOR_NAME = AccentColor;
				CODE_SIGN_STYLE = Automatic;
				CURRENT_PROJECT_VERSION = 1;
				DEVELOPMENT_ASSET_PATHS = "\"iosApp/Preview Content\"";
				ENABLE_PREVIEWS = YES;
				FRAMEWORK_SEARCH_PATHS = "$(SRCROOT)/../shared/build/xcode-frameworks/$(CONFIGURATION)/$(SDK_NAME)";
				GENERATE_INFOPLIST_FILE = YES;
				INFOPLIST_KEY_UIApplicationSceneManifest_Generation = YES;
				INFOPLIST_KEY_UIApplicationSupportsIndirectInputEvents = YES;
				INFOPLIST_KEY_UILaunchScreen_Generation = YES;
				INFOPLIST_KEY_UISupportedInterfaceOrientations_iPad = "UIInterfaceOrientationPortrait UIInterfaceOrientationPortraitUpsideDown UIInterfaceOrientationLandscapeLeft UIInterfaceOrientationLandscapeRight";
				INFOPLIST_KEY_UISupportedInterfaceOrientations_iPhone = "UIInterfaceOrientationPortrait UIInterfaceOrientationLandscapeLeft UIInterfaceOrientationLandscapeRight";
				LD_RUNPATH_SEARCH_PATHS = (
					"$(inherited)",
					"@executable_path/Frameworks",
				);
				MARKETING_VERSION = 1.0;
				OTHER_LDFLAGS = (
					"$(inherited)",
					"-framework",
					shared,
				);
				PRODUCT_BUNDLE_IDENTIFIER = test.iosApp;
				PRODUCT_NAME = "$(TARGET_NAME)";
				SWIFT_EMIT_LOC_STRINGS = YES;
				SWIFT_VERSION = 5.0;
				TARGETED_DEVICE_FAMILY = "1,2";
			};
			name = Release;
		};
		2F0AF0F22A30F1DE00545435 /* Debug */ = {
			isa = XCBuildConfiguration;
			buildSettings = {
				ALWAYS_EMBED_SWIFT_STANDARD_LIBRARIES = YES;
				BUNDLE_LOADER = "$(TEST_HOST)";
				CODE_SIGN_STYLE = Automatic;
				CURRENT_PROJECT_VERSION = 1;
				GENERATE_INFOPLIST_FILE = YES;
				IPHONEOS_DEPLOYMENT_TARGET = 16.4;
				MARKETING_VERSION = 1.0;
				PRODUCT_BUNDLE_IDENTIFIER = test.iosAppTests;
				PRODUCT_NAME = "$(TARGET_NAME)";
				SWIFT_EMIT_LOC_STRINGS = NO;
				SWIFT_VERSION = 5.0;
				TARGETED_DEVICE_FAMILY = "1,2";
				TEST_HOST = "$(BUILT_PRODUCTS_DIR)/iosApp.app/$(BUNDLE_EXECUTABLE_FOLDER_PATH)/iosApp";
			};
			name = Debug;
		};
		2F0AF0F32A30F1DE00545435 /* Release */ = {
			isa = XCBuildConfiguration;
			buildSettings = {
				ALWAYS_EMBED_SWIFT_STANDARD_LIBRARIES = YES;
				BUNDLE_LOADER = "$(TEST_HOST)";
				CODE_SIGN_STYLE = Automatic;
				CURRENT_PROJECT_VERSION = 1;
				GENERATE_INFOPLIST_FILE = YES;
				IPHONEOS_DEPLOYMENT_TARGET = 16.4;
				MARKETING_VERSION = 1.0;
				PRODUCT_BUNDLE_IDENTIFIER = test.iosAppTests;
				PRODUCT_NAME = "$(TARGET_NAME)";
				SWIFT_EMIT_LOC_STRINGS = NO;
				SWIFT_VERSION = 5.0;
				TARGETED_DEVICE_FAMILY = "1,2";
				TEST_HOST = "$(BUILT_PRODUCTS_DIR)/iosApp.app/$(BUNDLE_EXECUTABLE_FOLDER_PATH)/iosApp";
			};
			name = Release;
		};
		2F0AF0F52A30F1DE00545435 /* Debug */ = {
			isa = XCBuildConfiguration;
			buildSettings = {
				ALWAYS_EMBED_SWIFT_STANDARD_LIBRARIES = YES;
				CODE_SIGN_STYLE = Automatic;
				CURRENT_PROJECT_VERSION = 1;
				GENERATE_INFOPLIST_FILE = YES;
				MARKETING_VERSION = 1.0;
				PRODUCT_BUNDLE_IDENTIFIER = test.iosAppUITests;
				PRODUCT_NAME = "$(TARGET_NAME)";
				SWIFT_EMIT_LOC_STRINGS = NO;
				SWIFT_VERSION = 5.0;
				TARGETED_DEVICE_FAMILY = "1,2";
				TEST_TARGET_NAME = iosApp;
			};
			name = Debug;
		};
		2F0AF0F62A30F1DE00545435 /* Release */ = {
			isa = XCBuildConfiguration;
			buildSettings = {
				ALWAYS_EMBED_SWIFT_STANDARD_LIBRARIES = YES;
				CODE_SIGN_STYLE = Automatic;
				CURRENT_PROJECT_VERSION = 1;
				GENERATE_INFOPLIST_FILE = YES;
				MARKETING_VERSION = 1.0;
				PRODUCT_BUNDLE_IDENTIFIER = test.iosAppUITests;
				PRODUCT_NAME = "$(TARGET_NAME)";
				SWIFT_EMIT_LOC_STRINGS = NO;
				SWIFT_VERSION = 5.0;
				TARGETED_DEVICE_FAMILY = "1,2";
				TEST_TARGET_NAME = iosApp;
			};
			name = Release;
		};
/* End XCBuildConfiguration section */

/* Begin XCConfigurationList section */
		2F0AF0C52A30F1DC00545435 /* Build configuration list for PBXProject "iosApp" */ = {
			isa = XCConfigurationList;
			buildConfigurations = (
				2F0AF0EC2A30F1DE00545435 /* Debug */,
				2F0AF0ED2A30F1DE00545435 /* Release */,
			);
			defaultConfigurationIsVisible = 0;
			defaultConfigurationName = Release;
		};
		2F0AF0EE2A30F1DE00545435 /* Build configuration list for PBXNativeTarget "iosApp" */ = {
			isa = XCConfigurationList;
			buildConfigurations = (
				2F0AF0EF2A30F1DE00545435 /* Debug */,
				2F0AF0F02A30F1DE00545435 /* Release */,
			);
			defaultConfigurationIsVisible = 0;
			defaultConfigurationName = Release;
		};
		2F0AF0F12A30F1DE00545435 /* Build configuration list for PBXNativeTarget "iosAppTests" */ = {
			isa = XCConfigurationList;
			buildConfigurations = (
				2F0AF0F22A30F1DE00545435 /* Debug */,
				2F0AF0F32A30F1DE00545435 /* Release */,
			);
			defaultConfigurationIsVisible = 0;
			defaultConfigurationName = Release;
		};
		2F0AF0F42A30F1DE00545435 /* Build configuration list for PBXNativeTarget "iosAppUITests" */ = {
			isa = XCConfigurationList;
			buildConfigurations = (
				2F0AF0F52A30F1DE00545435 /* Debug */,
				2F0AF0F62A30F1DE00545435 /* Release */,
			);
			defaultConfigurationIsVisible = 0;
			defaultConfigurationName = Release;
		};
/* End XCConfigurationList section */
	};
	rootObject = 2F0AF0C22A30F1DC00545435 /* Project object */;
}
